
Microsoft Visual Studio Solution File, Format Version 12.00
# Visual Studio 15
VisualStudioVersion = 15.0.27004.2006
MinimumVisualStudioVersion = 10.0.40219.1
Project("{FAE04EC0-301F-11D3-BF4B-00C04F79EFBC}") = "1 Odd Lines", "1 Odd Lines\1 Odd Lines.csproj", "{B2045A90-F7FA-4A5B-9254-65497B10EB30}"
EndProject
Project("{FAE04EC0-301F-11D3-BF4B-00C04F79EFBC}") = "2 Line Numbers", "2 Line Numbers\2 Line Numbers.csproj", "{4F592A73-4FF4-454D-A875-16CA9CC7C88E}"
EndProject
Project("{FAE04EC0-301F-11D3-BF4B-00C04F79EFBC}") = "3 Word Count", "3 Word Count\3 Word Count.csproj", "{4EAA3AAC-2C20-44B2-9B11-1097CBB74032}"
EndProject
Project("{FAE04EC0-301F-11D3-BF4B-00C04F79EFBC}") = "5 Folder Size", "5 Folder Size\5 Folder Size.csproj", "{6A2AD0D1-2504-4F32-92CB-2015087C7ED9}"
EndProject
Project("{FAE04EC0-301F-11D3-BF4B-00C04F79EFBC}") = "0 My rename", "0 My rename\0 My rename.csproj", "{E30C47EA-5ECC-411E-9896-3381C0CBADA5}"
EndProject
Global
	GlobalSection(SolutionConfigurationPlatforms) = preSolution
		Debug|Any CPU = Debug|Any CPU
		Release|Any CPU = Release|Any CPU
	EndGlobalSection
	GlobalSection(ProjectConfigurationPlatforms) = postSolution
		{B2045A90-F7FA-4A5B-9254-65497B10EB30}.Debug|Any CPU.ActiveCfg = Debug|Any CPU
		{B2045A90-F7FA-4A5B-9254-65497B10EB30}.Debug|Any CPU.Build.0 = Debug|Any CPU
		{B2045A90-F7FA-4A5B-9254-65497B10EB30}.Release|Any CPU.ActiveCfg = Release|Any CPU
		{B2045A90-F7FA-4A5B-9254-65497B10EB30}.Release|Any CPU.Build.0 = Release|Any CPU
		{4F592A73-4FF4-454D-A875-16CA9CC7C88E}.Debug|Any CPU.ActiveCfg = Debug|Any CPU
		{4F592A73-4FF4-454D-A875-16CA9CC7C88E}.Debug|Any CPU.Build.0 = Debug|Any CPU
		{4F592A73-4FF4-454D-A875-16CA9CC7C88E}.Release|Any CPU.ActiveCfg = Release|Any CPU
		{4F592A73-4FF4-454D-A875-16CA9CC7C88E}.Release|Any CPU.Build.0 = Release|Any CPU
		{4EAA3AAC-2C20-44B2-9B11-1097CBB74032}.Debug|Any CPU.ActiveCfg = Debug|Any CPU
		{4EAA3AAC-2C20-44B2-9B11-1097CBB74032}.Debug|Any CPU.Build.0 = Debug|Any CPU
		{4EAA3AAC-2C20-44B2-9B11-1097CBB74032}.Release|Any CPU.ActiveCfg = Release|Any CPU
		{4EAA3AAC-2C20-44B2-9B11-1097CBB74032}.Release|Any CPU.Build.0 = Release|Any CPU
		{6A2AD0D1-2504-4F32-92CB-2015087C7ED9}.Debug|Any CPU.ActiveCfg = Debug|Any CPU
		{6A2AD0D1-2504-4F32-92CB-2015087C7ED9}.Debug|Any CPU.Build.0 = Debug|Any CPU
		{6A2AD0D1-2504-4F32-92CB-2015087C7ED9}.Release|Any CPU.ActiveCfg = Release|Any CPU
		{6A2AD0D1-2504-4F32-92CB-2015087C7ED9}.Release|Any CPU.Build.0 = Release|Any CPU
		{E30C47EA-5ECC-411E-9896-3381C0CBADA5}.Debug|Any CPU.ActiveCfg = Debug|Any CPU
		{E30C47EA-5ECC-411E-9896-3381C0CBADA5}.Debug|Any CPU.Build.0 = Debug|Any CPU
		{E30C47EA-5ECC-411E-9896-3381C0CBADA5}.Release|Any CPU.ActiveCfg = Release|Any CPU
		{E30C47EA-5ECC-411E-9896-3381C0CBADA5}.Release|Any CPU.Build.0 = Release|Any CPU
	EndGlobalSection
	GlobalSection(SolutionProperties) = preSolution
		HideSolutionNode = FALSE
	EndGlobalSection
	GlobalSection(ExtensibilityGlobals) = postSolution
		SolutionGuid = {914B4981-CE73-4523-97D4-2D07766C6126}
	EndGlobalSection
EndGlobal
