
Microsoft Visual Studio Solution File, Format Version 12.00
# Visual Studio 15
VisualStudioVersion = 15.0.27004.2002
MinimumVisualStudioVersion = 10.0.40219.1
Project("{FAE04EC0-301F-11D3-BF4B-00C04F79EFBC}") = "03_ElementCount", "03_ElementCount\03_ElementCount.csproj", "{A39F7184-E415-41DE-A6D8-69168DE0F5D0}"
EndProject
Project("{FAE04EC0-301F-11D3-BF4B-00C04F79EFBC}") = "04_CountLarger", "04_CountLarger\04_CountLarger.csproj", "{8898D607-DAA7-4C10-BCE8-4D3DFB5F6325}"
EndProject
Project("{FAE04EC0-301F-11D3-BF4B-00C04F79EFBC}") = "05_Increasing", "05_Increasing\05_Increasing.csproj", "{81FD8BDC-6D05-4B63-9EBD-CBBC951ADA87}"
EndProject
Project("{FAE04EC0-301F-11D3-BF4B-00C04F79EFBC}") = "07_CountCapital", "07_CountCapital\07_CountCapital.csproj", "{701C77B4-E566-4A51-8C58-1B3BBEE7B28B}"
EndProject
Project("{FAE04EC0-301F-11D3-BF4B-00C04F79EFBC}") = "08_Symmetry", "08_Symmetry\08_Symmetry.csproj", "{D21B26E5-CC3D-40BE-AD5C-4A6BB3D8E356}"
EndProject
Project("{FAE04EC0-301F-11D3-BF4B-00C04F79EFBC}") = "09_Altitude", "09_Altitude\09_Altitude.csproj", "{44376FC0-6BC8-4632-B99B-DBCCE5A94FE6}"
EndProject
Project("{FAE04EC0-301F-11D3-BF4B-00C04F79EFBC}") = "10_Ballistic", "10_Ballistic\10_Ballistic.csproj", "{8747DC80-F76B-4A73-80F7-46084217C4BB}"
EndProject
Global
	GlobalSection(SolutionConfigurationPlatforms) = preSolution
		Debug|Any CPU = Debug|Any CPU
		Release|Any CPU = Release|Any CPU
	EndGlobalSection
	GlobalSection(ProjectConfigurationPlatforms) = postSolution
		{A39F7184-E415-41DE-A6D8-69168DE0F5D0}.Debug|Any CPU.ActiveCfg = Debug|Any CPU
		{A39F7184-E415-41DE-A6D8-69168DE0F5D0}.Debug|Any CPU.Build.0 = Debug|Any CPU
		{A39F7184-E415-41DE-A6D8-69168DE0F5D0}.Release|Any CPU.ActiveCfg = Release|Any CPU
		{A39F7184-E415-41DE-A6D8-69168DE0F5D0}.Release|Any CPU.Build.0 = Release|Any CPU
		{8898D607-DAA7-4C10-BCE8-4D3DFB5F6325}.Debug|Any CPU.ActiveCfg = Debug|Any CPU
		{8898D607-DAA7-4C10-BCE8-4D3DFB5F6325}.Debug|Any CPU.Build.0 = Debug|Any CPU
		{8898D607-DAA7-4C10-BCE8-4D3DFB5F6325}.Release|Any CPU.ActiveCfg = Release|Any CPU
		{8898D607-DAA7-4C10-BCE8-4D3DFB5F6325}.Release|Any CPU.Build.0 = Release|Any CPU
		{81FD8BDC-6D05-4B63-9EBD-CBBC951ADA87}.Debug|Any CPU.ActiveCfg = Debug|Any CPU
		{81FD8BDC-6D05-4B63-9EBD-CBBC951ADA87}.Debug|Any CPU.Build.0 = Debug|Any CPU
		{81FD8BDC-6D05-4B63-9EBD-CBBC951ADA87}.Release|Any CPU.ActiveCfg = Release|Any CPU
		{81FD8BDC-6D05-4B63-9EBD-CBBC951ADA87}.Release|Any CPU.Build.0 = Release|Any CPU
		{701C77B4-E566-4A51-8C58-1B3BBEE7B28B}.Debug|Any CPU.ActiveCfg = Debug|Any CPU
		{701C77B4-E566-4A51-8C58-1B3BBEE7B28B}.Debug|Any CPU.Build.0 = Debug|Any CPU
		{701C77B4-E566-4A51-8C58-1B3BBEE7B28B}.Release|Any CPU.ActiveCfg = Release|Any CPU
		{701C77B4-E566-4A51-8C58-1B3BBEE7B28B}.Release|Any CPU.Build.0 = Release|Any CPU
		{D21B26E5-CC3D-40BE-AD5C-4A6BB3D8E356}.Debug|Any CPU.ActiveCfg = Debug|Any CPU
		{D21B26E5-CC3D-40BE-AD5C-4A6BB3D8E356}.Debug|Any CPU.Build.0 = Debug|Any CPU
		{D21B26E5-CC3D-40BE-AD5C-4A6BB3D8E356}.Release|Any CPU.ActiveCfg = Release|Any CPU
		{D21B26E5-CC3D-40BE-AD5C-4A6BB3D8E356}.Release|Any CPU.Build.0 = Release|Any CPU
		{44376FC0-6BC8-4632-B99B-DBCCE5A94FE6}.Debug|Any CPU.ActiveCfg = Debug|Any CPU
		{44376FC0-6BC8-4632-B99B-DBCCE5A94FE6}.Debug|Any CPU.Build.0 = Debug|Any CPU
		{44376FC0-6BC8-4632-B99B-DBCCE5A94FE6}.Release|Any CPU.ActiveCfg = Release|Any CPU
		{44376FC0-6BC8-4632-B99B-DBCCE5A94FE6}.Release|Any CPU.Build.0 = Release|Any CPU
		{8747DC80-F76B-4A73-80F7-46084217C4BB}.Debug|Any CPU.ActiveCfg = Debug|Any CPU
		{8747DC80-F76B-4A73-80F7-46084217C4BB}.Debug|Any CPU.Build.0 = Debug|Any CPU
		{8747DC80-F76B-4A73-80F7-46084217C4BB}.Release|Any CPU.ActiveCfg = Release|Any CPU
		{8747DC80-F76B-4A73-80F7-46084217C4BB}.Release|Any CPU.Build.0 = Release|Any CPU
	EndGlobalSection
	GlobalSection(SolutionProperties) = preSolution
		HideSolutionNode = FALSE
	EndGlobalSection
	GlobalSection(ExtensibilityGlobals) = postSolution
		SolutionGuid = {4EF5CED9-A465-444C-A276-3A558F2EB38E}
	EndGlobalSection
EndGlobal
