
Microsoft Visual Studio Solution File, Format Version 12.00
# Visual Studio 15
VisualStudioVersion = 15.0.27004.2006
MinimumVisualStudioVersion = 10.0.40219.1
Project("{FAE04EC0-301F-11D3-BF4B-00C04F79EFBC}") = "1 Resurrection", "1 Resurrection\1 Resurrection.csproj", "{BF999E4E-2A97-49FB-9D8F-018EF269D35A}"
EndProject
Project("{FAE04EC0-301F-11D3-BF4B-00C04F79EFBC}") = "2 Icarus", "2 Icarus\2 Icarus.csproj", "{2A9B0D20-C93F-4580-AEA3-37AC97B3CB85}"
EndProject
Project("{FAE04EC0-301F-11D3-BF4B-00C04F79EFBC}") = "3 Phoenix Grid", "3 Phoenix Grid\3 Phoenix Grid.csproj", "{A8719890-B37F-4C51-A9BD-62FCDDFA537D}"
EndProject
Global
	GlobalSection(SolutionConfigurationPlatforms) = preSolution
		Debug|Any CPU = Debug|Any CPU
		Release|Any CPU = Release|Any CPU
	EndGlobalSection
	GlobalSection(ProjectConfigurationPlatforms) = postSolution
		{BF999E4E-2A97-49FB-9D8F-018EF269D35A}.Debug|Any CPU.ActiveCfg = Debug|Any CPU
		{BF999E4E-2A97-49FB-9D8F-018EF269D35A}.Debug|Any CPU.Build.0 = Debug|Any CPU
		{BF999E4E-2A97-49FB-9D8F-018EF269D35A}.Release|Any CPU.ActiveCfg = Release|Any CPU
		{BF999E4E-2A97-49FB-9D8F-018EF269D35A}.Release|Any CPU.Build.0 = Release|Any CPU
		{2A9B0D20-C93F-4580-AEA3-37AC97B3CB85}.Debug|Any CPU.ActiveCfg = Debug|Any CPU
		{2A9B0D20-C93F-4580-AEA3-37AC97B3CB85}.Debug|Any CPU.Build.0 = Debug|Any CPU
		{2A9B0D20-C93F-4580-AEA3-37AC97B3CB85}.Release|Any CPU.ActiveCfg = Release|Any CPU
		{2A9B0D20-C93F-4580-AEA3-37AC97B3CB85}.Release|Any CPU.Build.0 = Release|Any CPU
		{A8719890-B37F-4C51-A9BD-62FCDDFA537D}.Debug|Any CPU.ActiveCfg = Debug|Any CPU
		{A8719890-B37F-4C51-A9BD-62FCDDFA537D}.Debug|Any CPU.Build.0 = Debug|Any CPU
		{A8719890-B37F-4C51-A9BD-62FCDDFA537D}.Release|Any CPU.ActiveCfg = Release|Any CPU
		{A8719890-B37F-4C51-A9BD-62FCDDFA537D}.Release|Any CPU.Build.0 = Release|Any CPU
	EndGlobalSection
	GlobalSection(SolutionProperties) = preSolution
		HideSolutionNode = FALSE
	EndGlobalSection
	GlobalSection(ExtensibilityGlobals) = postSolution
		SolutionGuid = {627D2C7A-9A2C-403B-A4F3-2C6787E5A794}
	EndGlobalSection
EndGlobal
