
Microsoft Visual Studio Solution File, Format Version 12.00
# Visual Studio 15
VisualStudioVersion = 15.0.27004.2006
MinimumVisualStudioVersion = 10.0.40219.1
Project("{FAE04EC0-301F-11D3-BF4B-00C04F79EFBC}") = "1 Reverse string", "1 Reverse string\1 Reverse string.csproj", "{E15DA3C9-0CF3-4D4D-BE0B-6B9432181BEC}"
EndProject
Project("{FAE04EC0-301F-11D3-BF4B-00C04F79EFBC}") = "2 Count substring occurrences", "2 Count substring occurrences\2 Count substring occurrences.csproj", "{F8D77B7A-C1B0-4E99-B32D-3F7329D5F7A6}"
EndProject
Global
	GlobalSection(SolutionConfigurationPlatforms) = preSolution
		Debug|Any CPU = Debug|Any CPU
		Release|Any CPU = Release|Any CPU
	EndGlobalSection
	GlobalSection(ProjectConfigurationPlatforms) = postSolution
		{E15DA3C9-0CF3-4D4D-BE0B-6B9432181BEC}.Debug|Any CPU.ActiveCfg = Debug|Any CPU
		{E15DA3C9-0CF3-4D4D-BE0B-6B9432181BEC}.Debug|Any CPU.Build.0 = Debug|Any CPU
		{E15DA3C9-0CF3-4D4D-BE0B-6B9432181BEC}.Release|Any CPU.ActiveCfg = Release|Any CPU
		{E15DA3C9-0CF3-4D4D-BE0B-6B9432181BEC}.Release|Any CPU.Build.0 = Release|Any CPU
		{F8D77B7A-C1B0-4E99-B32D-3F7329D5F7A6}.Debug|Any CPU.ActiveCfg = Debug|Any CPU
		{F8D77B7A-C1B0-4E99-B32D-3F7329D5F7A6}.Debug|Any CPU.Build.0 = Debug|Any CPU
		{F8D77B7A-C1B0-4E99-B32D-3F7329D5F7A6}.Release|Any CPU.ActiveCfg = Release|Any CPU
		{F8D77B7A-C1B0-4E99-B32D-3F7329D5F7A6}.Release|Any CPU.Build.0 = Release|Any CPU
	EndGlobalSection
	GlobalSection(SolutionProperties) = preSolution
		HideSolutionNode = FALSE
	EndGlobalSection
	GlobalSection(ExtensibilityGlobals) = postSolution
		SolutionGuid = {C3BA39A4-0FF4-409F-A94C-6150F3D61F59}
	EndGlobalSection
EndGlobal
