
Microsoft Visual Studio Solution File, Format Version 12.00
# Visual Studio 15
VisualStudioVersion = 15.0.27004.2006
MinimumVisualStudioVersion = 10.0.40219.1
Project("{FAE04EC0-301F-11D3-BF4B-00C04F79EFBC}") = "1 Reverse string", "1 Reverse string\1 Reverse string.csproj", "{E15DA3C9-0CF3-4D4D-BE0B-6B9432181BEC}"
EndProject
Project("{FAE04EC0-301F-11D3-BF4B-00C04F79EFBC}") = "2 Count substring occurrences", "2 Count substring occurrences\2 Count substring occurrences.csproj", "{F8D77B7A-C1B0-4E99-B32D-3F7329D5F7A6}"
EndProject
Project("{FAE04EC0-301F-11D3-BF4B-00C04F79EFBC}") = "3 Text Filter", "3 Text Filter\3 Text Filter.csproj", "{61F6766C-6D3D-4122-A924-CB9CDE1BD5AA}"
EndProject
Project("{FAE04EC0-301F-11D3-BF4B-00C04F79EFBC}") = "4 Palindromes", "4 Palindromes\4 Palindromes.csproj", "{D9803D3F-86F0-4E60-BB8D-885AAC415898}"
EndProject
Project("{FAE04EC0-301F-11D3-BF4B-00C04F79EFBC}") = "51 Placeholders", "51 Placeholders\51 Placeholders.csproj", "{F1D4F6D7-E3D2-4F34-96D6-512F1744312F}"
EndProject
Project("{FAE04EC0-301F-11D3-BF4B-00C04F79EFBC}") = "52 JSON stringify", "52 JSON stringify\52 JSON stringify.csproj", "{F8C16BBE-A93F-4CF0-B330-719AA76DC095}"
EndProject
Project("{FAE04EC0-301F-11D3-BF4B-00C04F79EFBC}") = "53 JSON parse", "53 JSON parse\53 JSON parse.csproj", "{AADBA9A4-12BA-4324-AC1C-FB93D8E1AC43}"
EndProject
Global
	GlobalSection(SolutionConfigurationPlatforms) = preSolution
		Debug|Any CPU = Debug|Any CPU
		Release|Any CPU = Release|Any CPU
	EndGlobalSection
	GlobalSection(ProjectConfigurationPlatforms) = postSolution
		{E15DA3C9-0CF3-4D4D-BE0B-6B9432181BEC}.Debug|Any CPU.ActiveCfg = Debug|Any CPU
		{E15DA3C9-0CF3-4D4D-BE0B-6B9432181BEC}.Debug|Any CPU.Build.0 = Debug|Any CPU
		{E15DA3C9-0CF3-4D4D-BE0B-6B9432181BEC}.Release|Any CPU.ActiveCfg = Release|Any CPU
		{E15DA3C9-0CF3-4D4D-BE0B-6B9432181BEC}.Release|Any CPU.Build.0 = Release|Any CPU
		{F8D77B7A-C1B0-4E99-B32D-3F7329D5F7A6}.Debug|Any CPU.ActiveCfg = Debug|Any CPU
		{F8D77B7A-C1B0-4E99-B32D-3F7329D5F7A6}.Debug|Any CPU.Build.0 = Debug|Any CPU
		{F8D77B7A-C1B0-4E99-B32D-3F7329D5F7A6}.Release|Any CPU.ActiveCfg = Release|Any CPU
		{F8D77B7A-C1B0-4E99-B32D-3F7329D5F7A6}.Release|Any CPU.Build.0 = Release|Any CPU
		{61F6766C-6D3D-4122-A924-CB9CDE1BD5AA}.Debug|Any CPU.ActiveCfg = Debug|Any CPU
		{61F6766C-6D3D-4122-A924-CB9CDE1BD5AA}.Debug|Any CPU.Build.0 = Debug|Any CPU
		{61F6766C-6D3D-4122-A924-CB9CDE1BD5AA}.Release|Any CPU.ActiveCfg = Release|Any CPU
		{61F6766C-6D3D-4122-A924-CB9CDE1BD5AA}.Release|Any CPU.Build.0 = Release|Any CPU
		{D9803D3F-86F0-4E60-BB8D-885AAC415898}.Debug|Any CPU.ActiveCfg = Debug|Any CPU
		{D9803D3F-86F0-4E60-BB8D-885AAC415898}.Debug|Any CPU.Build.0 = Debug|Any CPU
		{D9803D3F-86F0-4E60-BB8D-885AAC415898}.Release|Any CPU.ActiveCfg = Release|Any CPU
		{D9803D3F-86F0-4E60-BB8D-885AAC415898}.Release|Any CPU.Build.0 = Release|Any CPU
		{F1D4F6D7-E3D2-4F34-96D6-512F1744312F}.Debug|Any CPU.ActiveCfg = Debug|Any CPU
		{F1D4F6D7-E3D2-4F34-96D6-512F1744312F}.Debug|Any CPU.Build.0 = Debug|Any CPU
		{F1D4F6D7-E3D2-4F34-96D6-512F1744312F}.Release|Any CPU.ActiveCfg = Release|Any CPU
		{F1D4F6D7-E3D2-4F34-96D6-512F1744312F}.Release|Any CPU.Build.0 = Release|Any CPU
		{F8C16BBE-A93F-4CF0-B330-719AA76DC095}.Debug|Any CPU.ActiveCfg = Debug|Any CPU
		{F8C16BBE-A93F-4CF0-B330-719AA76DC095}.Debug|Any CPU.Build.0 = Debug|Any CPU
		{F8C16BBE-A93F-4CF0-B330-719AA76DC095}.Release|Any CPU.ActiveCfg = Release|Any CPU
		{F8C16BBE-A93F-4CF0-B330-719AA76DC095}.Release|Any CPU.Build.0 = Release|Any CPU
		{AADBA9A4-12BA-4324-AC1C-FB93D8E1AC43}.Debug|Any CPU.ActiveCfg = Debug|Any CPU
		{AADBA9A4-12BA-4324-AC1C-FB93D8E1AC43}.Debug|Any CPU.Build.0 = Debug|Any CPU
		{AADBA9A4-12BA-4324-AC1C-FB93D8E1AC43}.Release|Any CPU.ActiveCfg = Release|Any CPU
		{AADBA9A4-12BA-4324-AC1C-FB93D8E1AC43}.Release|Any CPU.Build.0 = Release|Any CPU
	EndGlobalSection
	GlobalSection(SolutionProperties) = preSolution
		HideSolutionNode = FALSE
	EndGlobalSection
	GlobalSection(ExtensibilityGlobals) = postSolution
		SolutionGuid = {C3BA39A4-0FF4-409F-A94C-6150F3D61F59}
	EndGlobalSection
EndGlobal
