
Microsoft Visual Studio Solution File, Format Version 12.00
# Visual Studio 15
VisualStudioVersion = 15.0.27004.2006
MinimumVisualStudioVersion = 10.0.40219.1
Project("{FAE04EC0-301F-11D3-BF4B-00C04F79EFBC}") = "1 Reverse string", "1 Reverse string\1 Reverse string.csproj", "{E15DA3C9-0CF3-4D4D-BE0B-6B9432181BEC}"
EndProject
Project("{FAE04EC0-301F-11D3-BF4B-00C04F79EFBC}") = "2 Count substring occurrences", "2 Count substring occurrences\2 Count substring occurrences.csproj", "{F8D77B7A-C1B0-4E99-B32D-3F7329D5F7A6}"
EndProject
Project("{FAE04EC0-301F-11D3-BF4B-00C04F79EFBC}") = "3 Text Filter", "3 Text Filter\3 Text Filter.csproj", "{61F6766C-6D3D-4122-A924-CB9CDE1BD5AA}"
EndProject
Project("{FAE04EC0-301F-11D3-BF4B-00C04F79EFBC}") = "4 Palindromes", "4 Palindromes\4 Palindromes.csproj", "{D9803D3F-86F0-4E60-BB8D-885AAC415898}"
EndProject
Project("{FAE04EC0-301F-11D3-BF4B-00C04F79EFBC}") = "51 Placeholders", "51 Placeholders\51 Placeholders.csproj", "{F1D4F6D7-E3D2-4F34-96D6-512F1744312F}"
EndProject
Project("{FAE04EC0-301F-11D3-BF4B-00C04F79EFBC}") = "52 JSON stringify", "52 JSON stringify\52 JSON stringify.csproj", "{F8C16BBE-A93F-4CF0-B330-719AA76DC095}"
EndProject
Project("{FAE04EC0-301F-11D3-BF4B-00C04F79EFBC}") = "53 JSON parse", "53 JSON parse\53 JSON parse.csproj", "{AADBA9A4-12BA-4324-AC1C-FB93D8E1AC43}"
EndProject
Project("{FAE04EC0-301F-11D3-BF4B-00C04F79EFBC}") = "54 Sentence Split", "54 Sentence Split\54 Sentence Split.csproj", "{8D317570-E6D9-466C-AB4F-220B0659227B}"
EndProject
Project("{FAE04EC0-301F-11D3-BF4B-00C04F79EFBC}") = "55 Capitalize Words", "55 Capitalize Words\55 Capitalize Words.csproj", "{DF245C38-DA87-4C6A-A992-DD8B3630B33A}"
EndProject
Project("{FAE04EC0-301F-11D3-BF4B-00C04F79EFBC}") = "61 Value of a String", "61 Value of a String\61 Value of a String.csproj", "{CB0DFF77-D9FD-490E-BDCA-EDD8EE0280F0}"
EndProject
Project("{FAE04EC0-301F-11D3-BF4B-00C04F79EFBC}") = "62 Diamond Problem", "62 Diamond Problem\62 Diamond Problem.csproj", "{3E37191C-A373-48C2-B2A2-2F7FD91AE979}"
EndProject
Project("{FAE04EC0-301F-11D3-BF4B-00C04F79EFBC}") = "63 Serialize String", "63 Serialize String\63 Serialize String.csproj", "{E4156253-87FC-4086-8ACD-D5ECDFFB595C}"
EndProject
Project("{FAE04EC0-301F-11D3-BF4B-00C04F79EFBC}") = "64 Deserialize String", "64 Deserialize String\64 Deserialize String.csproj", "{05BABC4D-8FF6-4262-A220-6A63AB7A1519}"
EndProject
Project("{FAE04EC0-301F-11D3-BF4B-00C04F79EFBC}") = "65 String Commander", "65 String Commander\65 String Commander.csproj", "{1FB75B34-E177-4F68-9B68-1F79EF9F3289}"
EndProject
Project("{FAE04EC0-301F-11D3-BF4B-00C04F79EFBC}") = "66 Stateless", "66 Stateless\66 Stateless.csproj", "{1B63C605-A9E4-40C1-905A-BDA59594CA41}"
EndProject
Project("{FAE04EC0-301F-11D3-BF4B-00C04F79EFBC}") = "67 Pyramidic", "67 Pyramidic\67 Pyramidic.csproj", "{18146862-06AC-47E8-8D90-7927BBB78EAA}"
EndProject
Project("{FAE04EC0-301F-11D3-BF4B-00C04F79EFBC}") = "68 Nilapdromes", "68 Nilapdromes\68 Nilapdromes.csproj", "{7A2ECA1A-3B5D-4A12-8081-FCB7C35DF55B}"
EndProject
Global
	GlobalSection(SolutionConfigurationPlatforms) = preSolution
		Debug|Any CPU = Debug|Any CPU
		Release|Any CPU = Release|Any CPU
	EndGlobalSection
	GlobalSection(ProjectConfigurationPlatforms) = postSolution
		{E15DA3C9-0CF3-4D4D-BE0B-6B9432181BEC}.Debug|Any CPU.ActiveCfg = Debug|Any CPU
		{E15DA3C9-0CF3-4D4D-BE0B-6B9432181BEC}.Debug|Any CPU.Build.0 = Debug|Any CPU
		{E15DA3C9-0CF3-4D4D-BE0B-6B9432181BEC}.Release|Any CPU.ActiveCfg = Release|Any CPU
		{E15DA3C9-0CF3-4D4D-BE0B-6B9432181BEC}.Release|Any CPU.Build.0 = Release|Any CPU
		{F8D77B7A-C1B0-4E99-B32D-3F7329D5F7A6}.Debug|Any CPU.ActiveCfg = Debug|Any CPU
		{F8D77B7A-C1B0-4E99-B32D-3F7329D5F7A6}.Debug|Any CPU.Build.0 = Debug|Any CPU
		{F8D77B7A-C1B0-4E99-B32D-3F7329D5F7A6}.Release|Any CPU.ActiveCfg = Release|Any CPU
		{F8D77B7A-C1B0-4E99-B32D-3F7329D5F7A6}.Release|Any CPU.Build.0 = Release|Any CPU
		{61F6766C-6D3D-4122-A924-CB9CDE1BD5AA}.Debug|Any CPU.ActiveCfg = Debug|Any CPU
		{61F6766C-6D3D-4122-A924-CB9CDE1BD5AA}.Debug|Any CPU.Build.0 = Debug|Any CPU
		{61F6766C-6D3D-4122-A924-CB9CDE1BD5AA}.Release|Any CPU.ActiveCfg = Release|Any CPU
		{61F6766C-6D3D-4122-A924-CB9CDE1BD5AA}.Release|Any CPU.Build.0 = Release|Any CPU
		{D9803D3F-86F0-4E60-BB8D-885AAC415898}.Debug|Any CPU.ActiveCfg = Debug|Any CPU
		{D9803D3F-86F0-4E60-BB8D-885AAC415898}.Debug|Any CPU.Build.0 = Debug|Any CPU
		{D9803D3F-86F0-4E60-BB8D-885AAC415898}.Release|Any CPU.ActiveCfg = Release|Any CPU
		{D9803D3F-86F0-4E60-BB8D-885AAC415898}.Release|Any CPU.Build.0 = Release|Any CPU
		{F1D4F6D7-E3D2-4F34-96D6-512F1744312F}.Debug|Any CPU.ActiveCfg = Debug|Any CPU
		{F1D4F6D7-E3D2-4F34-96D6-512F1744312F}.Debug|Any CPU.Build.0 = Debug|Any CPU
		{F1D4F6D7-E3D2-4F34-96D6-512F1744312F}.Release|Any CPU.ActiveCfg = Release|Any CPU
		{F1D4F6D7-E3D2-4F34-96D6-512F1744312F}.Release|Any CPU.Build.0 = Release|Any CPU
		{F8C16BBE-A93F-4CF0-B330-719AA76DC095}.Debug|Any CPU.ActiveCfg = Debug|Any CPU
		{F8C16BBE-A93F-4CF0-B330-719AA76DC095}.Debug|Any CPU.Build.0 = Debug|Any CPU
		{F8C16BBE-A93F-4CF0-B330-719AA76DC095}.Release|Any CPU.ActiveCfg = Release|Any CPU
		{F8C16BBE-A93F-4CF0-B330-719AA76DC095}.Release|Any CPU.Build.0 = Release|Any CPU
		{AADBA9A4-12BA-4324-AC1C-FB93D8E1AC43}.Debug|Any CPU.ActiveCfg = Debug|Any CPU
		{AADBA9A4-12BA-4324-AC1C-FB93D8E1AC43}.Debug|Any CPU.Build.0 = Debug|Any CPU
		{AADBA9A4-12BA-4324-AC1C-FB93D8E1AC43}.Release|Any CPU.ActiveCfg = Release|Any CPU
		{AADBA9A4-12BA-4324-AC1C-FB93D8E1AC43}.Release|Any CPU.Build.0 = Release|Any CPU
		{8D317570-E6D9-466C-AB4F-220B0659227B}.Debug|Any CPU.ActiveCfg = Debug|Any CPU
		{8D317570-E6D9-466C-AB4F-220B0659227B}.Debug|Any CPU.Build.0 = Debug|Any CPU
		{8D317570-E6D9-466C-AB4F-220B0659227B}.Release|Any CPU.ActiveCfg = Release|Any CPU
		{8D317570-E6D9-466C-AB4F-220B0659227B}.Release|Any CPU.Build.0 = Release|Any CPU
		{DF245C38-DA87-4C6A-A992-DD8B3630B33A}.Debug|Any CPU.ActiveCfg = Debug|Any CPU
		{DF245C38-DA87-4C6A-A992-DD8B3630B33A}.Debug|Any CPU.Build.0 = Debug|Any CPU
		{DF245C38-DA87-4C6A-A992-DD8B3630B33A}.Release|Any CPU.ActiveCfg = Release|Any CPU
		{DF245C38-DA87-4C6A-A992-DD8B3630B33A}.Release|Any CPU.Build.0 = Release|Any CPU
		{CB0DFF77-D9FD-490E-BDCA-EDD8EE0280F0}.Debug|Any CPU.ActiveCfg = Debug|Any CPU
		{CB0DFF77-D9FD-490E-BDCA-EDD8EE0280F0}.Debug|Any CPU.Build.0 = Debug|Any CPU
		{CB0DFF77-D9FD-490E-BDCA-EDD8EE0280F0}.Release|Any CPU.ActiveCfg = Release|Any CPU
		{CB0DFF77-D9FD-490E-BDCA-EDD8EE0280F0}.Release|Any CPU.Build.0 = Release|Any CPU
		{3E37191C-A373-48C2-B2A2-2F7FD91AE979}.Debug|Any CPU.ActiveCfg = Debug|Any CPU
		{3E37191C-A373-48C2-B2A2-2F7FD91AE979}.Debug|Any CPU.Build.0 = Debug|Any CPU
		{3E37191C-A373-48C2-B2A2-2F7FD91AE979}.Release|Any CPU.ActiveCfg = Release|Any CPU
		{3E37191C-A373-48C2-B2A2-2F7FD91AE979}.Release|Any CPU.Build.0 = Release|Any CPU
		{E4156253-87FC-4086-8ACD-D5ECDFFB595C}.Debug|Any CPU.ActiveCfg = Debug|Any CPU
		{E4156253-87FC-4086-8ACD-D5ECDFFB595C}.Debug|Any CPU.Build.0 = Debug|Any CPU
		{E4156253-87FC-4086-8ACD-D5ECDFFB595C}.Release|Any CPU.ActiveCfg = Release|Any CPU
		{E4156253-87FC-4086-8ACD-D5ECDFFB595C}.Release|Any CPU.Build.0 = Release|Any CPU
		{05BABC4D-8FF6-4262-A220-6A63AB7A1519}.Debug|Any CPU.ActiveCfg = Debug|Any CPU
		{05BABC4D-8FF6-4262-A220-6A63AB7A1519}.Debug|Any CPU.Build.0 = Debug|Any CPU
		{05BABC4D-8FF6-4262-A220-6A63AB7A1519}.Release|Any CPU.ActiveCfg = Release|Any CPU
		{05BABC4D-8FF6-4262-A220-6A63AB7A1519}.Release|Any CPU.Build.0 = Release|Any CPU
		{1FB75B34-E177-4F68-9B68-1F79EF9F3289}.Debug|Any CPU.ActiveCfg = Debug|Any CPU
		{1FB75B34-E177-4F68-9B68-1F79EF9F3289}.Debug|Any CPU.Build.0 = Debug|Any CPU
		{1FB75B34-E177-4F68-9B68-1F79EF9F3289}.Release|Any CPU.ActiveCfg = Release|Any CPU
		{1FB75B34-E177-4F68-9B68-1F79EF9F3289}.Release|Any CPU.Build.0 = Release|Any CPU
		{1B63C605-A9E4-40C1-905A-BDA59594CA41}.Debug|Any CPU.ActiveCfg = Debug|Any CPU
		{1B63C605-A9E4-40C1-905A-BDA59594CA41}.Debug|Any CPU.Build.0 = Debug|Any CPU
		{1B63C605-A9E4-40C1-905A-BDA59594CA41}.Release|Any CPU.ActiveCfg = Release|Any CPU
		{1B63C605-A9E4-40C1-905A-BDA59594CA41}.Release|Any CPU.Build.0 = Release|Any CPU
		{18146862-06AC-47E8-8D90-7927BBB78EAA}.Debug|Any CPU.ActiveCfg = Debug|Any CPU
		{18146862-06AC-47E8-8D90-7927BBB78EAA}.Debug|Any CPU.Build.0 = Debug|Any CPU
		{18146862-06AC-47E8-8D90-7927BBB78EAA}.Release|Any CPU.ActiveCfg = Release|Any CPU
		{18146862-06AC-47E8-8D90-7927BBB78EAA}.Release|Any CPU.Build.0 = Release|Any CPU
		{7A2ECA1A-3B5D-4A12-8081-FCB7C35DF55B}.Debug|Any CPU.ActiveCfg = Debug|Any CPU
		{7A2ECA1A-3B5D-4A12-8081-FCB7C35DF55B}.Debug|Any CPU.Build.0 = Debug|Any CPU
		{7A2ECA1A-3B5D-4A12-8081-FCB7C35DF55B}.Release|Any CPU.ActiveCfg = Release|Any CPU
		{7A2ECA1A-3B5D-4A12-8081-FCB7C35DF55B}.Release|Any CPU.Build.0 = Release|Any CPU
	EndGlobalSection
	GlobalSection(SolutionProperties) = preSolution
		HideSolutionNode = FALSE
	EndGlobalSection
	GlobalSection(ExtensibilityGlobals) = postSolution
		SolutionGuid = {C3BA39A4-0FF4-409F-A94C-6150F3D61F59}
	EndGlobalSection
EndGlobal
